// !$*UTF8*$!
{
	archiveVersion = 1;
	classes = {
	};
	objectVersion = 46;
	objects = {

/* Begin PBXBuildFile section */
		C36501881CB8E272005FABBD /* AppDelegate.swift in Sources */ = {isa = PBXBuildFile; fileRef = C36501871CB8E272005FABBD /* AppDelegate.swift */; };
		C365018D1CB8E273005FABBD /* Main.storyboard in Resources */ = {isa = PBXBuildFile; fileRef = C365018B1CB8E273005FABBD /* Main.storyboard */; };
		C365018F1CB8E273005FABBD /* Assets.xcassets in Resources */ = {isa = PBXBuildFile; fileRef = C365018E1CB8E273005FABBD /* Assets.xcassets */; };
		C36501921CB8E273005FABBD /* LaunchScreen.storyboard in Resources */ = {isa = PBXBuildFile; fileRef = C36501901CB8E273005FABBD /* LaunchScreen.storyboard */; };
		C365019A1CB8E8EB005FABBD /* MFTableViewController.swift in Sources */ = {isa = PBXBuildFile; fileRef = C36501991CB8E8EB005FABBD /* MFTableViewController.swift */; };
		C365019D1CB8FB66005FABBD /* animals.json in Resources */ = {isa = PBXBuildFile; fileRef = C365019B1CB8FB66005FABBD /* animals.json */; };
		C365019E1CB8FB66005FABBD /* cinema.json in Resources */ = {isa = PBXBuildFile; fileRef = C365019C1CB8FB66005FABBD /* cinema.json */; };
		C36501A21CB8FDE0005FABBD /* QuestionViewController.swift in Sources */ = {isa = PBXBuildFile; fileRef = C36501A11CB8FDE0005FABBD /* QuestionViewController.swift */; };
		C36501A51CB90518005FABBD /* Question.swift in Sources */ = {isa = PBXBuildFile; fileRef = C36501A41CB90518005FABBD /* Question.swift */; };
/* End PBXBuildFile section */

/* Begin PBXFileReference section */
		C36501841CB8E272005FABBD /* Quiz_PetroKov.app */ = {isa = PBXFileReference; explicitFileType = wrapper.application; includeInIndex = 0; path = Quiz_PetroKov.app; sourceTree = BUILT_PRODUCTS_DIR; };
		C36501871CB8E272005FABBD /* AppDelegate.swift */ = {isa = PBXFileReference; lastKnownFileType = sourcecode.swift; path = AppDelegate.swift; sourceTree = "<group>"; };
		C365018C1CB8E273005FABBD /* Base */ = {isa = PBXFileReference; lastKnownFileType = file.storyboard; name = Base; path = Base.lproj/Main.storyboard; sourceTree = "<group>"; };
		C365018E1CB8E273005FABBD /* Assets.xcassets */ = {isa = PBXFileReference; lastKnownFileType = folder.assetcatalog; path = Assets.xcassets; sourceTree = "<group>"; };
		C36501911CB8E273005FABBD /* Base */ = {isa = PBXFileReference; lastKnownFileType = file.storyboard; name = Base; path = Base.lproj/LaunchScreen.storyboard; sourceTree = "<group>"; };
		C36501931CB8E273005FABBD /* Info.plist */ = {isa = PBXFileReference; lastKnownFileType = text.plist.xml; path = Info.plist; sourceTree = "<group>"; };
		C36501991CB8E8EB005FABBD /* MFTableViewController.swift */ = {isa = PBXFileReference; fileEncoding = 4; lastKnownFileType = sourcecode.swift; path = MFTableViewController.swift; sourceTree = "<group>"; };
		C365019B1CB8FB66005FABBD /* animals.json */ = {isa = PBXFileReference; fileEncoding = 4; lastKnownFileType = text.json; path = animals.json; sourceTree = "<group>"; };
		C365019C1CB8FB66005FABBD /* cinema.json */ = {isa = PBXFileReference; fileEncoding = 4; lastKnownFileType = text.json; path = cinema.json; sourceTree = "<group>"; };
		C36501A11CB8FDE0005FABBD /* QuestionViewController.swift */ = {isa = PBXFileReference; fileEncoding = 4; lastKnownFileType = sourcecode.swift; path = QuestionViewController.swift; sourceTree = "<group>"; };
		C36501A41CB90518005FABBD /* Question.swift */ = {isa = PBXFileReference; fileEncoding = 4; lastKnownFileType = sourcecode.swift; path = Question.swift; sourceTree = "<group>"; };
/* End PBXFileReference section */

/* Begin PBXFrameworksBuildPhase section */
		C36501811CB8E272005FABBD /* Frameworks */ = {
			isa = PBXFrameworksBuildPhase;
			buildActionMask = 2147483647;
			files = (
			);
			runOnlyForDeploymentPostprocessing = 0;
		};
/* End PBXFrameworksBuildPhase section */

/* Begin PBXGroup section */
		C365017B1CB8E272005FABBD = {
			isa = PBXGroup;
			children = (
				C36501861CB8E272005FABBD /* qiz */,
				C36501851CB8E272005FABBD /* Products */,
			);
			sourceTree = "<group>";
		};
		C36501851CB8E272005FABBD /* Products */ = {
			isa = PBXGroup;
			children = (
				C36501841CB8E272005FABBD /* Quiz_PetroKov.app */,
			);
			name = Products;
			sourceTree = "<group>";
		};
		C36501861CB8E272005FABBD /* qiz */ = {
			isa = PBXGroup;
			children = (
				C36501A41CB90518005FABBD /* Question.swift */,
				C36501A01CB8FB80005FABBD /* data */,
				C36501871CB8E272005FABBD /* AppDelegate.swift */,
				C365018B1CB8E273005FABBD /* Main.storyboard */,
				C36501A31CB8FE0C005FABBD /* viewControllers */,
				C365018E1CB8E273005FABBD /* Assets.xcassets */,
				C36501901CB8E273005FABBD /* LaunchScreen.storyboard */,
				C36501931CB8E273005FABBD /* Info.plist */,
			);
			path = qiz;
			sourceTree = "<group>";
		};
		C36501A01CB8FB80005FABBD /* data */ = {
			isa = PBXGroup;
			children = (
				C365019B1CB8FB66005FABBD /* animals.json */,
				C365019C1CB8FB66005FABBD /* cinema.json */,
			);
			name = data;
			sourceTree = "<group>";
		};
		C36501A31CB8FE0C005FABBD /* viewControllers */ = {
			isa = PBXGroup;
			children = (
				C36501A11CB8FDE0005FABBD /* QuestionViewController.swift */,
				C36501991CB8E8EB005FABBD /* MFTableViewController.swift */,
			);
			name = viewControllers;
			sourceTree = "<group>";
		};
/* End PBXGroup section */

/* Begin PBXNativeTarget section */
		C36501831CB8E272005FABBD /* Quiz_PetroKov */ = {
			isa = PBXNativeTarget;
			buildConfigurationList = C36501961CB8E273005FABBD /* Build configuration list for PBXNativeTarget "Quiz_PetroKov" */;
			buildPhases = (
				C36501801CB8E272005FABBD /* Sources */,
				C36501811CB8E272005FABBD /* Frameworks */,
				C36501821CB8E272005FABBD /* Resources */,
			);
			buildRules = (
			);
			dependencies = (
			);
			name = Quiz_PetroKov;
			productName = qiz;
			productReference = C36501841CB8E272005FABBD /* Quiz_PetroKov.app */;
			productType = "com.apple.product-type.application";
		};
/* End PBXNativeTarget section */

/* Begin PBXProject section */
		C365017C1CB8E272005FABBD /* Project object */ = {
			isa = PBXProject;
			attributes = {
				LastSwiftUpdateCheck = 0730;
				LastUpgradeCheck = 0730;
				ORGANIZATIONNAME = PetroKov_LSR_P;
				TargetAttributes = {
					C36501831CB8E272005FABBD = {
						CreatedOnToolsVersion = 7.3;
					};
				};
			};
			buildConfigurationList = C365017F1CB8E272005FABBD /* Build configuration list for PBXProject "Quiz_PetroKov" */;
			compatibilityVersion = "Xcode 3.2";
			developmentRegion = English;
			hasScannedForEncodings = 0;
			knownRegions = (
				en,
				Base,
			);
			mainGroup = C365017B1CB8E272005FABBD;
			productRefGroup = C36501851CB8E272005FABBD /* Products */;
			projectDirPath = "";
			projectRoot = "";
			targets = (
				C36501831CB8E272005FABBD /* Quiz_PetroKov */,
			);
		};
/* End PBXProject section */

/* Begin PBXResourcesBuildPhase section */
		C36501821CB8E272005FABBD /* Resources */ = {
			isa = PBXResourcesBuildPhase;
			buildActionMask = 2147483647;
			files = (
				C36501921CB8E273005FABBD /* LaunchScreen.storyboard in Resources */,
				C365019E1CB8FB66005FABBD /* cinema.json in Resources */,
				C365019D1CB8FB66005FABBD /* animals.json in Resources */,
				C365018F1CB8E273005FABBD /* Assets.xcassets in Resources */,
				C365018D1CB8E273005FABBD /* Main.storyboard in Resources */,
			);
			runOnlyForDeploymentPostprocessing = 0;
		};
/* End PBXResourcesBuildPhase section */

/* Begin PBXSourcesBuildPhase section */
		C36501801CB8E272005FABBD /* Sources */ = {
			isa = PBXSourcesBuildPhase;
			buildActionMask = 2147483647;
			files = (
				C365019A1CB8E8EB005FABBD /* MFTableViewController.swift in Sources */,
				C36501A51CB90518005FABBD /* Question.swift in Sources */,
				C36501881CB8E272005FABBD /* AppDelegate.swift in Sources */,
				C36501A21CB8FDE0005FABBD /* QuestionViewController.swift in Sources */,
			);
			runOnlyForDeploymentPostprocessing = 0;
		};
/* End PBXSourcesBuildPhase section */

/* Begin PBXVariantGroup section */
		C365018B1CB8E273005FABBD /* Main.storyboard */ = {
			isa = PBXVariantGroup;
			children = (
				C365018C1CB8E273005FABBD /* Base */,
			);
			name = Main.storyboard;
			sourceTree = "<group>";
		};
		C36501901CB8E273005FABBD /* LaunchScreen.storyboard */ = {
			isa = PBXVariantGroup;
			children = (
				C36501911CB8E273005FABBD /* Base */,
			);
			name = LaunchScreen.storyboard;
			sourceTree = "<group>";
		};
/* End PBXVariantGroup section */

/* Begin XCBuildConfiguration section */
		C36501941CB8E273005FABBD /* Debug */ = {
			isa = XCBuildConfiguration;
			buildSettings = {
				ALWAYS_SEARCH_USER_PATHS = NO;
				CLANG_ANALYZER_NONNULL = YES;
				CLANG_CXX_LANGUAGE_STANDARD = "gnu++0x";
				CLANG_CXX_LIBRARY = "libc++";
				CLANG_ENABLE_MODULES = YES;
				CLANG_ENABLE_OBJC_ARC = YES;
				CLANG_WARN_BOOL_CONVERSION = YES;
				CLANG_WARN_CONSTANT_CONVERSION = YES;
				CLANG_WARN_DIRECT_OBJC_ISA_USAGE = YES_ERROR;
				CLANG_WARN_EMPTY_BODY = YES;
				CLANG_WARN_ENUM_CONVERSION = YES;
				CLANG_WARN_INT_CONVERSION = YES;
				CLANG_WARN_OBJC_ROOT_CLASS = YES_ERROR;
				CLANG_WARN_UNREACHABLE_CODE = YES;
				CLANG_WARN__DUPLICATE_METHOD_MATCH = YES;
				"CODE_SIGN_IDENTITY[sdk=iphoneos*]" = "iPhone Developer";
				COPY_PHASE_STRIP = NO;
				DEBUG_INFORMATION_FORMAT = dwarf;
				ENABLE_STRICT_OBJC_MSGSEND = YES;
				ENABLE_TESTABILITY = YES;
				GCC_C_LANGUAGE_STANDARD = gnu99;
				GCC_DYNAMIC_NO_PIC = NO;
				GCC_NO_COMMON_BLOCKS = YES;
				GCC_OPTIMIZATION_LEVEL = 0;
				GCC_PREPROCESSOR_DEFINITIONS = (
					"DEBUG=1",
					"$(inherited)",
				);
				GCC_WARN_64_TO_32_BIT_CONVERSION = YES;
				GCC_WARN_ABOUT_RETURN_TYPE = YES_ERROR;
				GCC_WARN_UNDECLARED_SELECTOR = YES;
				GCC_WARN_UNINITIALIZED_AUTOS = YES_AGGRESSIVE;
				GCC_WARN_UNUSED_FUNCTION = YES;
				GCC_WARN_UNUSED_VARIABLE = YES;
				IPHONEOS_DEPLOYMENT_TARGET = 9.3;
				MTL_ENABLE_DEBUG_INFO = YES;
				ONLY_ACTIVE_ARCH = YES;
				SDKROOT = iphoneos;
				SWIFT_OPTIMIZATION_LEVEL = "-Onone";
				TARGETED_DEVICE_FAMILY = "1,2";
			};
			name = Debug;
		};
		C36501951CB8E273005FABBD /* Release */ = {
			isa = XCBuildConfiguration;
			buildSettings = {
				ALWAYS_SEARCH_USER_PATHS = NO;
				CLANG_ANALYZER_NONNULL = YES;
				CLANG_CXX_LANGUAGE_STANDARD = "gnu++0x";
				CLANG_CXX_LIBRARY = "libc++";
				CLANG_ENABLE_MODULES = YES;
				CLANG_ENABLE_OBJC_ARC = YES;
				CLANG_WARN_BOOL_CONVERSION = YES;
				CLANG_WARN_CONSTANT_CONVERSION = YES;
				CLANG_WARN_DIRECT_OBJC_ISA_USAGE = YES_ERROR;
				CLANG_WARN_EMPTY_BODY = YES;
				CLANG_WARN_ENUM_CONVERSION = YES;
				CLANG_WARN_INT_CONVERSION = YES;
				CLANG_WARN_OBJC_ROOT_CLASS = YES_ERROR;
				CLANG_WARN_UNREACHABLE_CODE = YES;
				CLANG_WARN__DUPLICATE_METHOD_MATCH = YES;
				"CODE_SIGN_IDENTITY[sdk=iphoneos*]" = "iPhone Developer";
				COPY_PHASE_STRIP = NO;
				DEBUG_INFORMATION_FORMAT = "dwarf-with-dsym";
				ENABLE_NS_ASSERTIONS = NO;
				ENABLE_STRICT_OBJC_MSGSEND = YES;
				GCC_C_LANGUAGE_STANDARD = gnu99;
				GCC_NO_COMMON_BLOCKS = YES;
				GCC_WARN_64_TO_32_BIT_CONVERSION = YES;
				GCC_WARN_ABOUT_RETURN_TYPE = YES_ERROR;
				GCC_WARN_UNDECLARED_SELECTOR = YES;
				GCC_WARN_UNINITIALIZED_AUTOS = YES_AGGRESSIVE;
				GCC_WARN_UNUSED_FUNCTION = YES;
				GCC_WARN_UNUSED_VARIABLE = YES;
				IPHONEOS_DEPLOYMENT_TARGET = 9.3;
				MTL_ENABLE_DEBUG_INFO = NO;
				SDKROOT = iphoneos;
				TARGETED_DEVICE_FAMILY = "1,2";
				VALIDATE_PRODUCT = YES;
			};
			name = Release;
		};
		C36501971CB8E273005FABBD /* Debug */ = {
			isa = XCBuildConfiguration;
			buildSettings = {
				ASSETCATALOG_COMPILER_APPICON_NAME = AppIcon;
				INFOPLIST_FILE = qiz/Info.plist;
				LD_RUNPATH_SEARCH_PATHS = "$(inherited) @executable_path/Frameworks";
				PRODUCT_BUNDLE_IDENTIFIER = ru.lsr.qiz;
				PRODUCT_NAME = Quiz_PetroKov;
			};
			name = Debug;
		};
		C36501981CB8E273005FABBD /* Release */ = {
			isa = XCBuildConfiguration;
			buildSettings = {
				ASSETCATALOG_COMPILER_APPICON_NAME = AppIcon;
				INFOPLIST_FILE = qiz/Info.plist;
				LD_RUNPATH_SEARCH_PATHS = "$(inherited) @executable_path/Frameworks";
				PRODUCT_BUNDLE_IDENTIFIER = ru.lsr.qiz;
				PRODUCT_NAME = Quiz_PetroKov;
			};
			name = Release;
		};
/* End XCBuildConfiguration section */

/* Begin XCConfigurationList section */
		C365017F1CB8E272005FABBD /* Build configuration list for PBXProject "Quiz_PetroKov" */ = {
			isa = XCConfigurationList;
			buildConfigurations = (
				C36501941CB8E273005FABBD /* Debug */,
				C36501951CB8E273005FABBD /* Release */,
			);
			defaultConfigurationIsVisible = 0;
			defaultConfigurationName = Release;
		};
		C36501961CB8E273005FABBD /* Build configuration list for PBXNativeTarget "Quiz_PetroKov" */ = {
			isa = XCConfigurationList;
			buildConfigurations = (
				C36501971CB8E273005FABBD /* Debug */,
				C36501981CB8E273005FABBD /* Release */,
			);
			defaultConfigurationIsVisible = 0;
		};
/* End XCConfigurationList section */
	};
	rootObject = C365017C1CB8E272005FABBD /* Project object */;
}
